{
  "object": {
    "pins": [
      {
        "package": "FZSwiftUtils",
        "repositoryURL": "https://github.com/flocked/FZSwiftUtils.git",
        "state": {
          "branch": "main",
          "revision": "1d988455d7288c9e75661955a08a96638740963f",
          "version": null
        }
      }
    ]
  },
  "version": 1
}
