{
  "object": {
    "pins": [
      {
        "package": "FZSwiftUtils",
        "repositoryURL": "https://github.com/flocked/FZSwiftUtils.git",
        "state": {
          "branch": "main",
          "revision": "0b4eec6b8854fb9e09b4ea79a17b13009b712d1e",
          "version": null
        }
      }
    ]
  },
  "version": 1
}
